
Microsoft Visual Studio Solution File, Format Version 12.00
# Visual Studio 2012
VisualStudioVersion = 12.0.31101.0
MinimumVisualStudioVersion = 10.0.40219.1
Project("{FAE04EC0-301F-11D3-BF4B-00C04F79EFBC}") = "Test2", "Test2\Test2.csproj", "{7EC19205-8746-400A-9E78-61F7229F8EAB}"
EndProject
Project("{FAE04EC0-301F-11D3-BF4B-00C04F79EFBC}") = "Test2.iOS", "iOS\Test2.iOS.csproj", "{D5DB0428-20BC-4C31-AE73-AF44758CFFBB}"
EndProject
Project("{FAE04EC0-301F-11D3-BF4B-00C04F79EFBC}") = "Test2.Droid", "Droid\Test2.Droid.csproj", "{41BCB9BC-376D-4054-9BC6-197722BB411E}"
EndProject
Project("{FAE04EC0-301F-11D3-BF4B-00C04F79EFBC}") = "Test2.WP8", "Test2.WP8\Test2.WP8.csproj", "{D5250F69-20C9-4ED0-AC78-510F791F83BA}"
EndProject
Global
	GlobalSection(SolutionConfigurationPlatforms) = preSolution
		Ad-Hoc|Any CPU = Ad-Hoc|Any CPU
		Ad-Hoc|ARM = Ad-Hoc|ARM
		Ad-Hoc|iPhone = Ad-Hoc|iPhone
		Ad-Hoc|iPhoneSimulator = Ad-Hoc|iPhoneSimulator
		Ad-Hoc|x86 = Ad-Hoc|x86
		AppStore|Any CPU = AppStore|Any CPU
		AppStore|ARM = AppStore|ARM
		AppStore|iPhone = AppStore|iPhone
		AppStore|iPhoneSimulator = AppStore|iPhoneSimulator
		AppStore|x86 = AppStore|x86
		Debug|Any CPU = Debug|Any CPU
		Debug|ARM = Debug|ARM
		Debug|iPhone = Debug|iPhone
		Debug|iPhoneSimulator = Debug|iPhoneSimulator
		Debug|x86 = Debug|x86
		Release|Any CPU = Release|Any CPU
		Release|ARM = Release|ARM
		Release|iPhone = Release|iPhone
		Release|iPhoneSimulator = Release|iPhoneSimulator
		Release|x86 = Release|x86
	EndGlobalSection
	GlobalSection(ProjectConfigurationPlatforms) = postSolution
		{41BCB9BC-376D-4054-9BC6-197722BB411E}.Ad-Hoc|Any CPU.ActiveCfg = Debug|Any CPU
		{41BCB9BC-376D-4054-9BC6-197722BB411E}.Ad-Hoc|ARM.ActiveCfg = Debug|Any CPU
		{41BCB9BC-376D-4054-9BC6-197722BB411E}.Ad-Hoc|iPhone.ActiveCfg = Release|Any CPU
		{41BCB9BC-376D-4054-9BC6-197722BB411E}.Ad-Hoc|iPhone.Build.0 = Release|Any CPU
		{41BCB9BC-376D-4054-9BC6-197722BB411E}.Ad-Hoc|iPhoneSimulator.ActiveCfg = Debug|Any CPU
		{41BCB9BC-376D-4054-9BC6-197722BB411E}.Ad-Hoc|x86.ActiveCfg = Debug|Any CPU
		{41BCB9BC-376D-4054-9BC6-197722BB411E}.AppStore|Any CPU.ActiveCfg = Debug|Any CPU
		{41BCB9BC-376D-4054-9BC6-197722BB411E}.AppStore|ARM.ActiveCfg = Debug|Any CPU
		{41BCB9BC-376D-4054-9BC6-197722BB411E}.AppStore|iPhone.ActiveCfg = Release|Any CPU
		{41BCB9BC-376D-4054-9BC6-197722BB411E}.AppStore|iPhone.Build.0 = Release|Any CPU
		{41BCB9BC-376D-4054-9BC6-197722BB411E}.AppStore|iPhoneSimulator.ActiveCfg = Debug|Any CPU
		{41BCB9BC-376D-4054-9BC6-197722BB411E}.AppStore|x86.ActiveCfg = Debug|Any CPU
		{41BCB9BC-376D-4054-9BC6-197722BB411E}.Debug|Any CPU.ActiveCfg = Debug|Any CPU
		{41BCB9BC-376D-4054-9BC6-197722BB411E}.Debug|Any CPU.Build.0 = Debug|Any CPU
		{41BCB9BC-376D-4054-9BC6-197722BB411E}.Debug|ARM.ActiveCfg = Debug|Any CPU
		{41BCB9BC-376D-4054-9BC6-197722BB411E}.Debug|iPhone.ActiveCfg = Debug|Any CPU
		{41BCB9BC-376D-4054-9BC6-197722BB411E}.Debug|iPhone.Build.0 = Debug|Any CPU
		{41BCB9BC-376D-4054-9BC6-197722BB411E}.Debug|iPhoneSimulator.ActiveCfg = Debug|Any CPU
		{41BCB9BC-376D-4054-9BC6-197722BB411E}.Debug|iPhoneSimulator.Build.0 = Debug|Any CPU
		{41BCB9BC-376D-4054-9BC6-197722BB411E}.Debug|x86.ActiveCfg = Debug|Any CPU
		{41BCB9BC-376D-4054-9BC6-197722BB411E}.Release|Any CPU.ActiveCfg = Release|Any CPU
		{41BCB9BC-376D-4054-9BC6-197722BB411E}.Release|Any CPU.Build.0 = Release|Any CPU
		{41BCB9BC-376D-4054-9BC6-197722BB411E}.Release|ARM.ActiveCfg = Release|Any CPU
		{41BCB9BC-376D-4054-9BC6-197722BB411E}.Release|iPhone.ActiveCfg = Release|Any CPU
		{41BCB9BC-376D-4054-9BC6-197722BB411E}.Release|iPhone.Build.0 = Release|Any CPU
		{41BCB9BC-376D-4054-9BC6-197722BB411E}.Release|iPhoneSimulator.ActiveCfg = Release|Any CPU
		{41BCB9BC-376D-4054-9BC6-197722BB411E}.Release|iPhoneSimulator.Build.0 = Release|Any CPU
		{41BCB9BC-376D-4054-9BC6-197722BB411E}.Release|x86.ActiveCfg = Release|Any CPU
		{7EC19205-8746-400A-9E78-61F7229F8EAB}.Ad-Hoc|Any CPU.ActiveCfg = Release|Any CPU
		{7EC19205-8746-400A-9E78-61F7229F8EAB}.Ad-Hoc|Any CPU.Build.0 = Release|Any CPU
		{7EC19205-8746-400A-9E78-61F7229F8EAB}.Ad-Hoc|ARM.ActiveCfg = Release|Any CPU
		{7EC19205-8746-400A-9E78-61F7229F8EAB}.Ad-Hoc|iPhone.ActiveCfg = Debug|Any CPU
		{7EC19205-8746-400A-9E78-61F7229F8EAB}.Ad-Hoc|iPhone.Build.0 = Debug|Any CPU
		{7EC19205-8746-400A-9E78-61F7229F8EAB}.Ad-Hoc|iPhoneSimulator.ActiveCfg = Release|Any CPU
		{7EC19205-8746-400A-9E78-61F7229F8EAB}.Ad-Hoc|x86.ActiveCfg = Release|Any CPU
		{7EC19205-8746-400A-9E78-61F7229F8EAB}.AppStore|Any CPU.ActiveCfg = Release|Any CPU
		{7EC19205-8746-400A-9E78-61F7229F8EAB}.AppStore|Any CPU.Build.0 = Release|Any CPU
		{7EC19205-8746-400A-9E78-61F7229F8EAB}.AppStore|ARM.ActiveCfg = Release|Any CPU
		{7EC19205-8746-400A-9E78-61F7229F8EAB}.AppStore|iPhone.ActiveCfg = Debug|Any CPU
		{7EC19205-8746-400A-9E78-61F7229F8EAB}.AppStore|iPhone.Build.0 = Debug|Any CPU
		{7EC19205-8746-400A-9E78-61F7229F8EAB}.AppStore|iPhoneSimulator.ActiveCfg = Release|Any CPU
		{7EC19205-8746-400A-9E78-61F7229F8EAB}.AppStore|x86.ActiveCfg = Release|Any CPU
		{7EC19205-8746-400A-9E78-61F7229F8EAB}.Debug|Any CPU.ActiveCfg = Debug|Any CPU
		{7EC19205-8746-400A-9E78-61F7229F8EAB}.Debug|Any CPU.Build.0 = Debug|Any CPU
		{7EC19205-8746-400A-9E78-61F7229F8EAB}.Debug|ARM.ActiveCfg = Debug|Any CPU
		{7EC19205-8746-400A-9E78-61F7229F8EAB}.Debug|iPhone.ActiveCfg = Debug|Any CPU
		{7EC19205-8746-400A-9E78-61F7229F8EAB}.Debug|iPhone.Build.0 = Debug|Any CPU
		{7EC19205-8746-400A-9E78-61F7229F8EAB}.Debug|iPhoneSimulator.ActiveCfg = Debug|Any CPU
		{7EC19205-8746-400A-9E78-61F7229F8EAB}.Debug|iPhoneSimulator.Build.0 = Debug|Any CPU
		{7EC19205-8746-400A-9E78-61F7229F8EAB}.Debug|x86.ActiveCfg = Debug|Any CPU
		{7EC19205-8746-400A-9E78-61F7229F8EAB}.Release|Any CPU.ActiveCfg = Release|Any CPU
		{7EC19205-8746-400A-9E78-61F7229F8EAB}.Release|Any CPU.Build.0 = Release|Any CPU
		{7EC19205-8746-400A-9E78-61F7229F8EAB}.Release|ARM.ActiveCfg = Release|Any CPU
		{7EC19205-8746-400A-9E78-61F7229F8EAB}.Release|iPhone.ActiveCfg = Release|Any CPU
		{7EC19205-8746-400A-9E78-61F7229F8EAB}.Release|iPhone.Build.0 = Release|Any CPU
		{7EC19205-8746-400A-9E78-61F7229F8EAB}.Release|iPhoneSimulator.ActiveCfg = Release|Any CPU
		{7EC19205-8746-400A-9E78-61F7229F8EAB}.Release|iPhoneSimulator.Build.0 = Release|Any CPU
		{7EC19205-8746-400A-9E78-61F7229F8EAB}.Release|x86.ActiveCfg = Release|Any CPU
		{D5250F69-20C9-4ED0-AC78-510F791F83BA}.Ad-Hoc|Any CPU.ActiveCfg = Release|Any CPU
		{D5250F69-20C9-4ED0-AC78-510F791F83BA}.Ad-Hoc|Any CPU.Build.0 = Release|Any CPU
		{D5250F69-20C9-4ED0-AC78-510F791F83BA}.Ad-Hoc|Any CPU.Deploy.0 = Release|Any CPU
		{D5250F69-20C9-4ED0-AC78-510F791F83BA}.Ad-Hoc|ARM.ActiveCfg = Release|ARM
		{D5250F69-20C9-4ED0-AC78-510F791F83BA}.Ad-Hoc|ARM.Build.0 = Release|ARM
		{D5250F69-20C9-4ED0-AC78-510F791F83BA}.Ad-Hoc|ARM.Deploy.0 = Release|ARM
		{D5250F69-20C9-4ED0-AC78-510F791F83BA}.Ad-Hoc|iPhone.ActiveCfg = Release|Any CPU
		{D5250F69-20C9-4ED0-AC78-510F791F83BA}.Ad-Hoc|iPhoneSimulator.ActiveCfg = Release|Any CPU
		{D5250F69-20C9-4ED0-AC78-510F791F83BA}.Ad-Hoc|x86.ActiveCfg = Release|x86
		{D5250F69-20C9-4ED0-AC78-510F791F83BA}.Ad-Hoc|x86.Build.0 = Release|x86
		{D5250F69-20C9-4ED0-AC78-510F791F83BA}.Ad-Hoc|x86.Deploy.0 = Release|x86
		{D5250F69-20C9-4ED0-AC78-510F791F83BA}.AppStore|Any CPU.ActiveCfg = Release|Any CPU
		{D5250F69-20C9-4ED0-AC78-510F791F83BA}.AppStore|Any CPU.Build.0 = Release|Any CPU
		{D5250F69-20C9-4ED0-AC78-510F791F83BA}.AppStore|Any CPU.Deploy.0 = Release|Any CPU
		{D5250F69-20C9-4ED0-AC78-510F791F83BA}.AppStore|ARM.ActiveCfg = Release|ARM
		{D5250F69-20C9-4ED0-AC78-510F791F83BA}.AppStore|ARM.Build.0 = Release|ARM
		{D5250F69-20C9-4ED0-AC78-510F791F83BA}.AppStore|ARM.Deploy.0 = Release|ARM
		{D5250F69-20C9-4ED0-AC78-510F791F83BA}.AppStore|iPhone.ActiveCfg = Release|Any CPU
		{D5250F69-20C9-4ED0-AC78-510F791F83BA}.AppStore|iPhoneSimulator.ActiveCfg = Release|Any CPU
		{D5250F69-20C9-4ED0-AC78-510F791F83BA}.AppStore|x86.ActiveCfg = Release|x86
		{D5250F69-20C9-4ED0-AC78-510F791F83BA}.AppStore|x86.Build.0 = Release|x86
		{D5250F69-20C9-4ED0-AC78-510F791F83BA}.AppStore|x86.Deploy.0 = Release|x86
		{D5250F69-20C9-4ED0-AC78-510F791F83BA}.Debug|Any CPU.ActiveCfg = Debug|Any CPU
		{D5250F69-20C9-4ED0-AC78-510F791F83BA}.Debug|Any CPU.Build.0 = Debug|Any CPU
		{D5250F69-20C9-4ED0-AC78-510F791F83BA}.Debug|Any CPU.Deploy.0 = Debug|Any CPU
		{D5250F69-20C9-4ED0-AC78-510F791F83BA}.Debug|ARM.ActiveCfg = Debug|ARM
		{D5250F69-20C9-4ED0-AC78-510F791F83BA}.Debug|ARM.Build.0 = Debug|ARM
		{D5250F69-20C9-4ED0-AC78-510F791F83BA}.Debug|ARM.Deploy.0 = Debug|ARM
		{D5250F69-20C9-4ED0-AC78-510F791F83BA}.Debug|iPhone.ActiveCfg = Debug|Any CPU
		{D5250F69-20C9-4ED0-AC78-510F791F83BA}.Debug|iPhoneSimulator.ActiveCfg = Debug|Any CPU
		{D5250F69-20C9-4ED0-AC78-510F791F83BA}.Debug|x86.ActiveCfg = Debug|x86
		{D5250F69-20C9-4ED0-AC78-510F791F83BA}.Debug|x86.Build.0 = Debug|x86
		{D5250F69-20C9-4ED0-AC78-510F791F83BA}.Debug|x86.Deploy.0 = Debug|x86
		{D5250F69-20C9-4ED0-AC78-510F791F83BA}.Release|Any CPU.ActiveCfg = Release|Any CPU
		{D5250F69-20C9-4ED0-AC78-510F791F83BA}.Release|Any CPU.Build.0 = Release|Any CPU
		{D5250F69-20C9-4ED0-AC78-510F791F83BA}.Release|Any CPU.Deploy.0 = Release|Any CPU
		{D5250F69-20C9-4ED0-AC78-510F791F83BA}.Release|ARM.ActiveCfg = Release|ARM
		{D5250F69-20C9-4ED0-AC78-510F791F83BA}.Release|ARM.Build.0 = Release|ARM
		{D5250F69-20C9-4ED0-AC78-510F791F83BA}.Release|ARM.Deploy.0 = Release|ARM
		{D5250F69-20C9-4ED0-AC78-510F791F83BA}.Release|iPhone.ActiveCfg = Release|Any CPU
		{D5250F69-20C9-4ED0-AC78-510F791F83BA}.Release|iPhoneSimulator.ActiveCfg = Release|Any CPU
		{D5250F69-20C9-4ED0-AC78-510F791F83BA}.Release|x86.ActiveCfg = Release|x86
		{D5250F69-20C9-4ED0-AC78-510F791F83BA}.Release|x86.Build.0 = Release|x86
		{D5250F69-20C9-4ED0-AC78-510F791F83BA}.Release|x86.Deploy.0 = Release|x86
		{D5DB0428-20BC-4C31-AE73-AF44758CFFBB}.Ad-Hoc|Any CPU.ActiveCfg = Ad-Hoc|iPhone
		{D5DB0428-20BC-4C31-AE73-AF44758CFFBB}.Ad-Hoc|ARM.ActiveCfg = Ad-Hoc|iPhone
		{D5DB0428-20BC-4C31-AE73-AF44758CFFBB}.Ad-Hoc|iPhone.ActiveCfg = Ad-Hoc|iPhone
		{D5DB0428-20BC-4C31-AE73-AF44758CFFBB}.Ad-Hoc|iPhone.Build.0 = Ad-Hoc|iPhone
		{D5DB0428-20BC-4C31-AE73-AF44758CFFBB}.Ad-Hoc|iPhoneSimulator.ActiveCfg = Ad-Hoc|iPhone
		{D5DB0428-20BC-4C31-AE73-AF44758CFFBB}.Ad-Hoc|x86.ActiveCfg = Ad-Hoc|iPhone
		{D5DB0428-20BC-4C31-AE73-AF44758CFFBB}.AppStore|Any CPU.ActiveCfg = AppStore|iPhone
		{D5DB0428-20BC-4C31-AE73-AF44758CFFBB}.AppStore|ARM.ActiveCfg = AppStore|iPhone
		{D5DB0428-20BC-4C31-AE73-AF44758CFFBB}.AppStore|iPhone.ActiveCfg = AppStore|iPhone
		{D5DB0428-20BC-4C31-AE73-AF44758CFFBB}.AppStore|iPhone.Build.0 = AppStore|iPhone
		{D5DB0428-20BC-4C31-AE73-AF44758CFFBB}.AppStore|iPhoneSimulator.ActiveCfg = AppStore|iPhone
		{D5DB0428-20BC-4C31-AE73-AF44758CFFBB}.AppStore|x86.ActiveCfg = AppStore|iPhone
		{D5DB0428-20BC-4C31-AE73-AF44758CFFBB}.Debug|Any CPU.ActiveCfg = Debug|iPhoneSimulator
		{D5DB0428-20BC-4C31-AE73-AF44758CFFBB}.Debug|Any CPU.Build.0 = Debug|iPhoneSimulator
		{D5DB0428-20BC-4C31-AE73-AF44758CFFBB}.Debug|ARM.ActiveCfg = Debug|iPhone
		{D5DB0428-20BC-4C31-AE73-AF44758CFFBB}.Debug|iPhone.ActiveCfg = Debug|iPhone
		{D5DB0428-20BC-4C31-AE73-AF44758CFFBB}.Debug|iPhone.Build.0 = Debug|iPhone
		{D5DB0428-20BC-4C31-AE73-AF44758CFFBB}.Debug|iPhoneSimulator.ActiveCfg = Debug|iPhoneSimulator
		{D5DB0428-20BC-4C31-AE73-AF44758CFFBB}.Debug|iPhoneSimulator.Build.0 = Debug|iPhoneSimulator
		{D5DB0428-20BC-4C31-AE73-AF44758CFFBB}.Debug|x86.ActiveCfg = Debug|iPhone
		{D5DB0428-20BC-4C31-AE73-AF44758CFFBB}.Release|Any CPU.ActiveCfg = Release|iPhoneSimulator
		{D5DB0428-20BC-4C31-AE73-AF44758CFFBB}.Release|Any CPU.Build.0 = Release|iPhoneSimulator
		{D5DB0428-20BC-4C31-AE73-AF44758CFFBB}.Release|ARM.ActiveCfg = Release|iPhone
		{D5DB0428-20BC-4C31-AE73-AF44758CFFBB}.Release|iPhone.ActiveCfg = Release|iPhone
		{D5DB0428-20BC-4C31-AE73-AF44758CFFBB}.Release|iPhone.Build.0 = Release|iPhone
		{D5DB0428-20BC-4C31-AE73-AF44758CFFBB}.Release|iPhoneSimulator.ActiveCfg = Release|iPhoneSimulator
		{D5DB0428-20BC-4C31-AE73-AF44758CFFBB}.Release|iPhoneSimulator.Build.0 = Release|iPhoneSimulator
		{D5DB0428-20BC-4C31-AE73-AF44758CFFBB}.Release|x86.ActiveCfg = Release|iPhone
	EndGlobalSection
	GlobalSection(SolutionProperties) = preSolution
		HideSolutionNode = FALSE
	EndGlobalSection
EndGlobal
